
Microsoft Visual Studio Solution File, Format Version 12.00
# Visual Studio Version 17
VisualStudioVersion = 17.11.35312.102
MinimumVisualStudioVersion = 10.0.40219.1
Project("{2150E333-8FDC-42A3-9474-1A3956D46DE8}") = "Task0", "Task0", "{EB2B8339-BA58-467D-9439-C099F5C2D2F3}"
EndProject
Project("{2150E333-8FDC-42A3-9474-1A3956D46DE8}") = "Task1", "Task1", "{ED4F59BC-0D35-4FAD-B1E6-E8541EB53601}"
EndProject
Project("{2150E333-8FDC-42A3-9474-1A3956D46DE8}") = "Task2", "Task2", "{7E4BE298-BDF4-4892-96F5-FDBCD4A55BCA}"
EndProject
Project("{2150E333-8FDC-42A3-9474-1A3956D46DE8}") = "Task3", "Task3", "{B759E112-A16E-4611-8810-C18CF6283420}"
EndProject
Project("{2150E333-8FDC-42A3-9474-1A3956D46DE8}") = "Task4", "Task4", "{61FA40F0-1466-452F-B6E4-64DFB2D7090A}"
EndProject
Project("{2150E333-8FDC-42A3-9474-1A3956D46DE8}") = "Task5", "Task5", "{9F865599-7574-4A2F-8192-07AB61012355}"
EndProject
Project("{2150E333-8FDC-42A3-9474-1A3956D46DE8}") = "Task6", "Task6", "{C32552A6-1880-47C8-A0AE-1037DC3D7A1E}"
EndProject
Project("{2150E333-8FDC-42A3-9474-1A3956D46DE8}") = "Task7", "Task7", "{190D3B19-5C2A-4DCC-85D3-29828242ADAB}"
EndProject
Project("{9A19103F-16F7-4668-BE54-9A1E7A4F7556}") = "Tyuiu.MasalimovTR.Sprint2.Task0.V25.Test", "Tyuiu.MasalimovTR.Sprint2.Task0.V25.Test\Tyuiu.MasalimovTR.Sprint2.Task0.V25.Test.csproj", "{D9AEC0F4-AE7D-4257-A799-0E75CBFD858B}"
EndProject
Project("{9A19103F-16F7-4668-BE54-9A1E7A4F7556}") = "Tyuiu.MasalimovTR.Sprint2.Task0.V25.Lib", "Tyuiu.MasalimovTR.Sprint2.Task0.V25.Lib\Tyuiu.MasalimovTR.Sprint2.Task0.V25.Lib.csproj", "{C55A8444-E2F8-4635-9CEF-62BB27094BB1}"
EndProject
Project("{9A19103F-16F7-4668-BE54-9A1E7A4F7556}") = "Tyuiu.MasalimovTR.Sprint2.Task0.V25", "Tyuiu.MasalimovTR.Sprint2.Task0.V25\Tyuiu.MasalimovTR.Sprint2.Task0.V25.csproj", "{AEB1A4FF-7620-4172-92E5-B88F32BBACF9}"
EndProject
Project("{9A19103F-16F7-4668-BE54-9A1E7A4F7556}") = "Tyuiu.MasalimovTR.Sprint2.Task1.V3", "Tyuiu.MasalimovTR.Sprint2.Task1.V3\Tyuiu.MasalimovTR.Sprint2.Task1.V3.csproj", "{4E3052AB-9B6C-40B7-8964-7C498FE42226}"
EndProject
Project("{9A19103F-16F7-4668-BE54-9A1E7A4F7556}") = "Tyuiu.MasalimovTR.Sprint2.Task1.V3.Lib", "Tyuiu.MasalimovTR.Sprint2.Task1.V3.Lib\Tyuiu.MasalimovTR.Sprint2.Task1.V3.Lib.csproj", "{E5219ADF-5FC4-404B-98C8-BED9DD3164E6}"
EndProject
Project("{9A19103F-16F7-4668-BE54-9A1E7A4F7556}") = "Tyuiu.MasalimovTR.Sprint2.Task1.V3.Test", "Tyuiu.MasalimovTR.Sprint2.Task1.V3.Test\Tyuiu.MasalimovTR.Sprint2.Task1.V3.Test.csproj", "{3FE7ECDB-4FF3-4FA8-95C4-2ECEE0B1509A}"
EndProject
Project("{FAE04EC0-301F-11D3-BF4B-00C04F79EFBC}") = "Tyuiu.MasalimovTR.Sprint2.Task2.V30.Lib", "Tyuiu.MasalimovTR.Sprint2.Task2.V30.Lib\Tyuiu.MasalimovTR.Sprint2.Task2.V30.Lib.csproj", "{5C6893FC-A5A4-4252-864C-1324531DAB2C}"
EndProject
Project("{FAE04EC0-301F-11D3-BF4B-00C04F79EFBC}") = "Tyuiu.MasalimovTR.Sprint2.Task2.V30.Test", "Tyuiu.MasalimovTR.Sprint2.Task2.V30.Test\Tyuiu.MasalimovTR.Sprint2.Task2.V30.Test.csproj", "{B58BC301-535F-49B5-A88A-2482A59847F5}"
EndProject
Project("{FAE04EC0-301F-11D3-BF4B-00C04F79EFBC}") = "Tyuiu.MasalimovTR.Sprint2.Task2.V30", "Tyuiu.MasalimovTR.Sprint2.Task2.V30\Tyuiu.MasalimovTR.Sprint2.Task2.V30.csproj", "{6BE0AD05-D3A6-4C3E-A3C8-D0C62857F2A7}"
EndProject
Project("{FAE04EC0-301F-11D3-BF4B-00C04F79EFBC}") = "Tyuiu.MasalimovTR.Sprint2.Task3.V23", "Tyuiu.MasalimovTR.Sprint2.Task3.V23\Tyuiu.MasalimovTR.Sprint2.Task3.V23.csproj", "{2E27D8DF-6BD0-48DE-8149-606DF8C90796}"
EndProject
Project("{FAE04EC0-301F-11D3-BF4B-00C04F79EFBC}") = "Tyuiu.MasalimovTR.Sprint2.Task3.V23.Test", "Tyuiu.MasalimovTR.Sprint2.Task3.V23.Test\Tyuiu.MasalimovTR.Sprint2.Task3.V23.Test.csproj", "{6A79811B-163C-481D-BAE5-01C3F89055AC}"
EndProject
Project("{FAE04EC0-301F-11D3-BF4B-00C04F79EFBC}") = "Tyuiu.MasalimovTR.Sprint2.Task3.V23.Lib", "Tyuiu.MasalimovTR.Sprint2.Task3.V23.Lib\Tyuiu.MasalimovTR.Sprint2.Task3.V23.Lib.csproj", "{16D69EC6-56C7-4C6E-8C5D-598FE591835B}"
EndProject
Project("{FAE04EC0-301F-11D3-BF4B-00C04F79EFBC}") = "Tyuiu.MasalimovTR.Sprint2.Task4.V12.Lib", "Tyuiu.MasalimovTR.Sprint2.Task4.V12.Lib\Tyuiu.MasalimovTR.Sprint2.Task4.V12.Lib.csproj", "{3804B265-CD9E-471E-9CE2-829C4D047AEC}"
EndProject
Project("{FAE04EC0-301F-11D3-BF4B-00C04F79EFBC}") = "Tyuiu.MasalimovTR.Sprint2.Task4.V12.Test", "Tyuiu.MasalimovTR.Sprint2.Task4.V12.Test\Tyuiu.MasalimovTR.Sprint2.Task4.V12.Test.csproj", "{DC292A57-31F2-4AD6-AC0C-E685C861348C}"
EndProject
Project("{FAE04EC0-301F-11D3-BF4B-00C04F79EFBC}") = "Tyuiu.MasalimovTR.Sprint2.Task4.V12", "Tyuiu.MasalimovTR.Sprint2.Task4.V12\Tyuiu.MasalimovTR.Sprint2.Task4.V12.csproj", "{3060989F-5FCD-4C70-A4CF-BBB80EABBE27}"
EndProject
Project("{FAE04EC0-301F-11D3-BF4B-00C04F79EFBC}") = "Tyuiu.MasalimovTR.Sprint2.Task5.V1", "Tyuiu.MasalimovTR.Sprint2.Task5.V1\Tyuiu.MasalimovTR.Sprint2.Task5.V1.csproj", "{59B5A47B-59C4-43DC-9171-731444778FC5}"
EndProject
Project("{FAE04EC0-301F-11D3-BF4B-00C04F79EFBC}") = "Tyuiu.MasalimovTR.Sprint2.Task5.V1.Test", "Tyuiu.MasalimovTR.Sprint2.Task5.V1.Test\Tyuiu.MasalimovTR.Sprint2.Task5.V1.Test.csproj", "{252EDE17-9BA2-45FF-9C7F-5E5F8974EFD8}"
EndProject
Project("{FAE04EC0-301F-11D3-BF4B-00C04F79EFBC}") = "Tyuiu.MasalimovTR.Sprint2.Task5.V1.Lib", "Tyuiu.MasalimovTR.Sprint2.Task5.V1.Lib\Tyuiu.MasalimovTR.Sprint2.Task5.V1.Lib.csproj", "{BDCAFE88-B2A7-4AF2-B389-9999378A85A4}"
EndProject
Project("{FAE04EC0-301F-11D3-BF4B-00C04F79EFBC}") = "Tyuiu.MasalimovTR.Sprint2.Task6.V8.Lib", "Tyuiu.MasalimovTR.Sprint2.Task6.V8.Lib\Tyuiu.MasalimovTR.Sprint2.Task6.V8.Lib.csproj", "{475ED0D1-0956-4C12-AD6D-F7B627708F92}"
EndProject
Project("{FAE04EC0-301F-11D3-BF4B-00C04F79EFBC}") = "Tyuiu.MasalimovTR.Sprint2.Task6.V8.Test", "Tyuiu.MasalimovTR.Sprint2.Task6.V8.Test\Tyuiu.MasalimovTR.Sprint2.Task6.V8.Test.csproj", "{830B784E-A256-42E8-BA68-E0D98E5BBD6C}"
EndProject
Project("{FAE04EC0-301F-11D3-BF4B-00C04F79EFBC}") = "Tyuiu.MasalimovTR.Sprint2.Task6.V8", "Tyuiu.MasalimovTR.Sprint2.Task6.V8\Tyuiu.MasalimovTR.Sprint2.Task6.V8.csproj", "{6EE9A9FA-C321-48C0-A724-0812978CFD36}"
EndProject
Project("{FAE04EC0-301F-11D3-BF4B-00C04F79EFBC}") = "Tyuiu.MasalimovTR.Sprint2.Task7.V3", "Tyuiu.MasalimovTR.Sprint2.Task7.V3\Tyuiu.MasalimovTR.Sprint2.Task7.V3.csproj", "{940D2293-B025-4522-80B6-F13F86FA97C7}"
EndProject
Project("{FAE04EC0-301F-11D3-BF4B-00C04F79EFBC}") = "Tyuiu.MasalimovTR.Sprint2.Task7.V3.Test", "Tyuiu.MasalimovTR.Sprint2.Task7.V3.Test\Tyuiu.MasalimovTR.Sprint2.Task7.V3.Test.csproj", "{273803BB-024F-4860-8584-6CCD682EE744}"
EndProject
Project("{FAE04EC0-301F-11D3-BF4B-00C04F79EFBC}") = "Tyuiu.MasalimovTR.Sprint2.Task7.V3.Lib", "Tyuiu.MasalimovTR.Sprint2.Task7.V3.Lib\Tyuiu.MasalimovTR.Sprint2.Task7.V3.Lib.csproj", "{CF888ABB-5CAD-4F42-B4E2-C63AF9B98079}"
EndProject
Global
	GlobalSection(SolutionConfigurationPlatforms) = preSolution
		Debug|Any CPU = Debug|Any CPU
		Release|Any CPU = Release|Any CPU
	EndGlobalSection
	GlobalSection(ProjectConfigurationPlatforms) = postSolution
		{D9AEC0F4-AE7D-4257-A799-0E75CBFD858B}.Debug|Any CPU.ActiveCfg = Debug|Any CPU
		{D9AEC0F4-AE7D-4257-A799-0E75CBFD858B}.Debug|Any CPU.Build.0 = Debug|Any CPU
		{D9AEC0F4-AE7D-4257-A799-0E75CBFD858B}.Release|Any CPU.ActiveCfg = Release|Any CPU
		{D9AEC0F4-AE7D-4257-A799-0E75CBFD858B}.Release|Any CPU.Build.0 = Release|Any CPU
		{C55A8444-E2F8-4635-9CEF-62BB27094BB1}.Debug|Any CPU.ActiveCfg = Debug|Any CPU
		{C55A8444-E2F8-4635-9CEF-62BB27094BB1}.Debug|Any CPU.Build.0 = Debug|Any CPU
		{C55A8444-E2F8-4635-9CEF-62BB27094BB1}.Release|Any CPU.ActiveCfg = Release|Any CPU
		{C55A8444-E2F8-4635-9CEF-62BB27094BB1}.Release|Any CPU.Build.0 = Release|Any CPU
		{AEB1A4FF-7620-4172-92E5-B88F32BBACF9}.Debug|Any CPU.ActiveCfg = Debug|Any CPU
		{AEB1A4FF-7620-4172-92E5-B88F32BBACF9}.Debug|Any CPU.Build.0 = Debug|Any CPU
		{AEB1A4FF-7620-4172-92E5-B88F32BBACF9}.Release|Any CPU.ActiveCfg = Release|Any CPU
		{AEB1A4FF-7620-4172-92E5-B88F32BBACF9}.Release|Any CPU.Build.0 = Release|Any CPU
		{4E3052AB-9B6C-40B7-8964-7C498FE42226}.Debug|Any CPU.ActiveCfg = Debug|Any CPU
		{4E3052AB-9B6C-40B7-8964-7C498FE42226}.Debug|Any CPU.Build.0 = Debug|Any CPU
		{4E3052AB-9B6C-40B7-8964-7C498FE42226}.Release|Any CPU.ActiveCfg = Release|Any CPU
		{4E3052AB-9B6C-40B7-8964-7C498FE42226}.Release|Any CPU.Build.0 = Release|Any CPU
		{E5219ADF-5FC4-404B-98C8-BED9DD3164E6}.Debug|Any CPU.ActiveCfg = Debug|Any CPU
		{E5219ADF-5FC4-404B-98C8-BED9DD3164E6}.Debug|Any CPU.Build.0 = Debug|Any CPU
		{E5219ADF-5FC4-404B-98C8-BED9DD3164E6}.Release|Any CPU.ActiveCfg = Release|Any CPU
		{E5219ADF-5FC4-404B-98C8-BED9DD3164E6}.Release|Any CPU.Build.0 = Release|Any CPU
		{3FE7ECDB-4FF3-4FA8-95C4-2ECEE0B1509A}.Debug|Any CPU.ActiveCfg = Debug|Any CPU
		{3FE7ECDB-4FF3-4FA8-95C4-2ECEE0B1509A}.Debug|Any CPU.Build.0 = Debug|Any CPU
		{3FE7ECDB-4FF3-4FA8-95C4-2ECEE0B1509A}.Release|Any CPU.ActiveCfg = Release|Any CPU
		{3FE7ECDB-4FF3-4FA8-95C4-2ECEE0B1509A}.Release|Any CPU.Build.0 = Release|Any CPU
		{5C6893FC-A5A4-4252-864C-1324531DAB2C}.Debug|Any CPU.ActiveCfg = Debug|Any CPU
		{5C6893FC-A5A4-4252-864C-1324531DAB2C}.Debug|Any CPU.Build.0 = Debug|Any CPU
		{5C6893FC-A5A4-4252-864C-1324531DAB2C}.Release|Any CPU.ActiveCfg = Release|Any CPU
		{5C6893FC-A5A4-4252-864C-1324531DAB2C}.Release|Any CPU.Build.0 = Release|Any CPU
		{B58BC301-535F-49B5-A88A-2482A59847F5}.Debug|Any CPU.ActiveCfg = Debug|Any CPU
		{B58BC301-535F-49B5-A88A-2482A59847F5}.Debug|Any CPU.Build.0 = Debug|Any CPU
		{B58BC301-535F-49B5-A88A-2482A59847F5}.Release|Any CPU.ActiveCfg = Release|Any CPU
		{B58BC301-535F-49B5-A88A-2482A59847F5}.Release|Any CPU.Build.0 = Release|Any CPU
		{6BE0AD05-D3A6-4C3E-A3C8-D0C62857F2A7}.Debug|Any CPU.ActiveCfg = Debug|Any CPU
		{6BE0AD05-D3A6-4C3E-A3C8-D0C62857F2A7}.Debug|Any CPU.Build.0 = Debug|Any CPU
		{6BE0AD05-D3A6-4C3E-A3C8-D0C62857F2A7}.Release|Any CPU.ActiveCfg = Release|Any CPU
		{6BE0AD05-D3A6-4C3E-A3C8-D0C62857F2A7}.Release|Any CPU.Build.0 = Release|Any CPU
		{2E27D8DF-6BD0-48DE-8149-606DF8C90796}.Debug|Any CPU.ActiveCfg = Debug|Any CPU
		{2E27D8DF-6BD0-48DE-8149-606DF8C90796}.Debug|Any CPU.Build.0 = Debug|Any CPU
		{2E27D8DF-6BD0-48DE-8149-606DF8C90796}.Release|Any CPU.ActiveCfg = Release|Any CPU
		{2E27D8DF-6BD0-48DE-8149-606DF8C90796}.Release|Any CPU.Build.0 = Release|Any CPU
		{6A79811B-163C-481D-BAE5-01C3F89055AC}.Debug|Any CPU.ActiveCfg = Debug|Any CPU
		{6A79811B-163C-481D-BAE5-01C3F89055AC}.Debug|Any CPU.Build.0 = Debug|Any CPU
		{6A79811B-163C-481D-BAE5-01C3F89055AC}.Release|Any CPU.ActiveCfg = Release|Any CPU
		{6A79811B-163C-481D-BAE5-01C3F89055AC}.Release|Any CPU.Build.0 = Release|Any CPU
		{16D69EC6-56C7-4C6E-8C5D-598FE591835B}.Debug|Any CPU.ActiveCfg = Debug|Any CPU
		{16D69EC6-56C7-4C6E-8C5D-598FE591835B}.Debug|Any CPU.Build.0 = Debug|Any CPU
		{16D69EC6-56C7-4C6E-8C5D-598FE591835B}.Release|Any CPU.ActiveCfg = Release|Any CPU
		{16D69EC6-56C7-4C6E-8C5D-598FE591835B}.Release|Any CPU.Build.0 = Release|Any CPU
		{3804B265-CD9E-471E-9CE2-829C4D047AEC}.Debug|Any CPU.ActiveCfg = Debug|Any CPU
		{3804B265-CD9E-471E-9CE2-829C4D047AEC}.Debug|Any CPU.Build.0 = Debug|Any CPU
		{3804B265-CD9E-471E-9CE2-829C4D047AEC}.Release|Any CPU.ActiveCfg = Release|Any CPU
		{3804B265-CD9E-471E-9CE2-829C4D047AEC}.Release|Any CPU.Build.0 = Release|Any CPU
		{DC292A57-31F2-4AD6-AC0C-E685C861348C}.Debug|Any CPU.ActiveCfg = Debug|Any CPU
		{DC292A57-31F2-4AD6-AC0C-E685C861348C}.Debug|Any CPU.Build.0 = Debug|Any CPU
		{DC292A57-31F2-4AD6-AC0C-E685C861348C}.Release|Any CPU.ActiveCfg = Release|Any CPU
		{DC292A57-31F2-4AD6-AC0C-E685C861348C}.Release|Any CPU.Build.0 = Release|Any CPU
		{3060989F-5FCD-4C70-A4CF-BBB80EABBE27}.Debug|Any CPU.ActiveCfg = Debug|Any CPU
		{3060989F-5FCD-4C70-A4CF-BBB80EABBE27}.Debug|Any CPU.Build.0 = Debug|Any CPU
		{3060989F-5FCD-4C70-A4CF-BBB80EABBE27}.Release|Any CPU.ActiveCfg = Release|Any CPU
		{3060989F-5FCD-4C70-A4CF-BBB80EABBE27}.Release|Any CPU.Build.0 = Release|Any CPU
		{59B5A47B-59C4-43DC-9171-731444778FC5}.Debug|Any CPU.ActiveCfg = Debug|Any CPU
		{59B5A47B-59C4-43DC-9171-731444778FC5}.Debug|Any CPU.Build.0 = Debug|Any CPU
		{59B5A47B-59C4-43DC-9171-731444778FC5}.Release|Any CPU.ActiveCfg = Release|Any CPU
		{59B5A47B-59C4-43DC-9171-731444778FC5}.Release|Any CPU.Build.0 = Release|Any CPU
		{252EDE17-9BA2-45FF-9C7F-5E5F8974EFD8}.Debug|Any CPU.ActiveCfg = Debug|Any CPU
		{252EDE17-9BA2-45FF-9C7F-5E5F8974EFD8}.Debug|Any CPU.Build.0 = Debug|Any CPU
		{252EDE17-9BA2-45FF-9C7F-5E5F8974EFD8}.Release|Any CPU.ActiveCfg = Release|Any CPU
		{252EDE17-9BA2-45FF-9C7F-5E5F8974EFD8}.Release|Any CPU.Build.0 = Release|Any CPU
		{BDCAFE88-B2A7-4AF2-B389-9999378A85A4}.Debug|Any CPU.ActiveCfg = Debug|Any CPU
		{BDCAFE88-B2A7-4AF2-B389-9999378A85A4}.Debug|Any CPU.Build.0 = Debug|Any CPU
		{BDCAFE88-B2A7-4AF2-B389-9999378A85A4}.Release|Any CPU.ActiveCfg = Release|Any CPU
		{BDCAFE88-B2A7-4AF2-B389-9999378A85A4}.Release|Any CPU.Build.0 = Release|Any CPU
		{475ED0D1-0956-4C12-AD6D-F7B627708F92}.Debug|Any CPU.ActiveCfg = Debug|Any CPU
		{475ED0D1-0956-4C12-AD6D-F7B627708F92}.Debug|Any CPU.Build.0 = Debug|Any CPU
		{475ED0D1-0956-4C12-AD6D-F7B627708F92}.Release|Any CPU.ActiveCfg = Release|Any CPU
		{475ED0D1-0956-4C12-AD6D-F7B627708F92}.Release|Any CPU.Build.0 = Release|Any CPU
		{830B784E-A256-42E8-BA68-E0D98E5BBD6C}.Debug|Any CPU.ActiveCfg = Debug|Any CPU
		{830B784E-A256-42E8-BA68-E0D98E5BBD6C}.Debug|Any CPU.Build.0 = Debug|Any CPU
		{830B784E-A256-42E8-BA68-E0D98E5BBD6C}.Release|Any CPU.ActiveCfg = Release|Any CPU
		{830B784E-A256-42E8-BA68-E0D98E5BBD6C}.Release|Any CPU.Build.0 = Release|Any CPU
		{6EE9A9FA-C321-48C0-A724-0812978CFD36}.Debug|Any CPU.ActiveCfg = Debug|Any CPU
		{6EE9A9FA-C321-48C0-A724-0812978CFD36}.Debug|Any CPU.Build.0 = Debug|Any CPU
		{6EE9A9FA-C321-48C0-A724-0812978CFD36}.Release|Any CPU.ActiveCfg = Release|Any CPU
		{6EE9A9FA-C321-48C0-A724-0812978CFD36}.Release|Any CPU.Build.0 = Release|Any CPU
		{940D2293-B025-4522-80B6-F13F86FA97C7}.Debug|Any CPU.ActiveCfg = Debug|Any CPU
		{940D2293-B025-4522-80B6-F13F86FA97C7}.Debug|Any CPU.Build.0 = Debug|Any CPU
		{940D2293-B025-4522-80B6-F13F86FA97C7}.Release|Any CPU.ActiveCfg = Release|Any CPU
		{940D2293-B025-4522-80B6-F13F86FA97C7}.Release|Any CPU.Build.0 = Release|Any CPU
		{273803BB-024F-4860-8584-6CCD682EE744}.Debug|Any CPU.ActiveCfg = Debug|Any CPU
		{273803BB-024F-4860-8584-6CCD682EE744}.Debug|Any CPU.Build.0 = Debug|Any CPU
		{273803BB-024F-4860-8584-6CCD682EE744}.Release|Any CPU.ActiveCfg = Release|Any CPU
		{273803BB-024F-4860-8584-6CCD682EE744}.Release|Any CPU.Build.0 = Release|Any CPU
		{CF888ABB-5CAD-4F42-B4E2-C63AF9B98079}.Debug|Any CPU.ActiveCfg = Debug|Any CPU
		{CF888ABB-5CAD-4F42-B4E2-C63AF9B98079}.Debug|Any CPU.Build.0 = Debug|Any CPU
		{CF888ABB-5CAD-4F42-B4E2-C63AF9B98079}.Release|Any CPU.ActiveCfg = Release|Any CPU
		{CF888ABB-5CAD-4F42-B4E2-C63AF9B98079}.Release|Any CPU.Build.0 = Release|Any CPU
	EndGlobalSection
	GlobalSection(SolutionProperties) = preSolution
		HideSolutionNode = FALSE
	EndGlobalSection
	GlobalSection(NestedProjects) = preSolution
		{D9AEC0F4-AE7D-4257-A799-0E75CBFD858B} = {EB2B8339-BA58-467D-9439-C099F5C2D2F3}
		{C55A8444-E2F8-4635-9CEF-62BB27094BB1} = {EB2B8339-BA58-467D-9439-C099F5C2D2F3}
		{AEB1A4FF-7620-4172-92E5-B88F32BBACF9} = {EB2B8339-BA58-467D-9439-C099F5C2D2F3}
		{4E3052AB-9B6C-40B7-8964-7C498FE42226} = {ED4F59BC-0D35-4FAD-B1E6-E8541EB53601}
		{E5219ADF-5FC4-404B-98C8-BED9DD3164E6} = {ED4F59BC-0D35-4FAD-B1E6-E8541EB53601}
		{3FE7ECDB-4FF3-4FA8-95C4-2ECEE0B1509A} = {ED4F59BC-0D35-4FAD-B1E6-E8541EB53601}
		{5C6893FC-A5A4-4252-864C-1324531DAB2C} = {7E4BE298-BDF4-4892-96F5-FDBCD4A55BCA}
		{B58BC301-535F-49B5-A88A-2482A59847F5} = {7E4BE298-BDF4-4892-96F5-FDBCD4A55BCA}
		{6BE0AD05-D3A6-4C3E-A3C8-D0C62857F2A7} = {7E4BE298-BDF4-4892-96F5-FDBCD4A55BCA}
		{2E27D8DF-6BD0-48DE-8149-606DF8C90796} = {B759E112-A16E-4611-8810-C18CF6283420}
		{6A79811B-163C-481D-BAE5-01C3F89055AC} = {B759E112-A16E-4611-8810-C18CF6283420}
		{16D69EC6-56C7-4C6E-8C5D-598FE591835B} = {B759E112-A16E-4611-8810-C18CF6283420}
		{3804B265-CD9E-471E-9CE2-829C4D047AEC} = {61FA40F0-1466-452F-B6E4-64DFB2D7090A}
		{DC292A57-31F2-4AD6-AC0C-E685C861348C} = {61FA40F0-1466-452F-B6E4-64DFB2D7090A}
		{3060989F-5FCD-4C70-A4CF-BBB80EABBE27} = {61FA40F0-1466-452F-B6E4-64DFB2D7090A}
		{59B5A47B-59C4-43DC-9171-731444778FC5} = {9F865599-7574-4A2F-8192-07AB61012355}
		{252EDE17-9BA2-45FF-9C7F-5E5F8974EFD8} = {9F865599-7574-4A2F-8192-07AB61012355}
		{BDCAFE88-B2A7-4AF2-B389-9999378A85A4} = {9F865599-7574-4A2F-8192-07AB61012355}
		{475ED0D1-0956-4C12-AD6D-F7B627708F92} = {C32552A6-1880-47C8-A0AE-1037DC3D7A1E}
		{830B784E-A256-42E8-BA68-E0D98E5BBD6C} = {C32552A6-1880-47C8-A0AE-1037DC3D7A1E}
		{6EE9A9FA-C321-48C0-A724-0812978CFD36} = {C32552A6-1880-47C8-A0AE-1037DC3D7A1E}
		{940D2293-B025-4522-80B6-F13F86FA97C7} = {190D3B19-5C2A-4DCC-85D3-29828242ADAB}
		{273803BB-024F-4860-8584-6CCD682EE744} = {190D3B19-5C2A-4DCC-85D3-29828242ADAB}
		{CF888ABB-5CAD-4F42-B4E2-C63AF9B98079} = {190D3B19-5C2A-4DCC-85D3-29828242ADAB}
	EndGlobalSection
	GlobalSection(ExtensibilityGlobals) = postSolution
		SolutionGuid = {FD98430A-33AF-4DD5-B0B4-AE7350EE4C5F}
	EndGlobalSection
EndGlobal
